
Microsoft Visual Studio Solution File, Format Version 12.00
# Visual Studio Version 16
VisualStudioVersion = 16.0.29905.134
MinimumVisualStudioVersion = 10.0.40219.1
Project("{9A19103F-16F7-4668-BE54-9A1E7A4F7556}") = "Web", "Web\Web.csproj", "{B5FE715F-AB99-4FA6-AEC1-D3B644C76DF7}"
EndProject
Project("{9A19103F-16F7-4668-BE54-9A1E7A4F7556}") = "DataSvc", "DataSvc\DataSvc.csproj", "{7DD97B29-03E0-49C1-852E-5DB94DE659A8}"
EndProject
Global
	GlobalSection(SolutionConfigurationPlatforms) = preSolution
		Debug|Any CPU = Debug|Any CPU
		Release|Any CPU = Release|Any CPU
	EndGlobalSection
	GlobalSection(ProjectConfigurationPlatforms) = postSolution
		{B5FE715F-AB99-4FA6-AEC1-D3B644C76DF7}.Debug|Any CPU.ActiveCfg = Debug|Any CPU
		{B5FE715F-AB99-4FA6-AEC1-D3B644C76DF7}.Debug|Any CPU.Build.0 = Debug|Any CPU
		{B5FE715F-AB99-4FA6-AEC1-D3B644C76DF7}.Release|Any CPU.ActiveCfg = Release|Any CPU
		{B5FE715F-AB99-4FA6-AEC1-D3B644C76DF7}.Release|Any CPU.Build.0 = Release|Any CPU
		{7DD97B29-03E0-49C1-852E-5DB94DE659A8}.Debug|Any CPU.ActiveCfg = Debug|Any CPU
		{7DD97B29-03E0-49C1-852E-5DB94DE659A8}.Debug|Any CPU.Build.0 = Debug|Any CPU
		{7DD97B29-03E0-49C1-852E-5DB94DE659A8}.Release|Any CPU.ActiveCfg = Release|Any CPU
		{7DD97B29-03E0-49C1-852E-5DB94DE659A8}.Release|Any CPU.Build.0 = Release|Any CPU
	EndGlobalSection
	GlobalSection(SolutionProperties) = preSolution
		HideSolutionNode = FALSE
	EndGlobalSection
	GlobalSection(ExtensibilityGlobals) = postSolution
		SolutionGuid = {3759DE1A-0957-4F5F-B142-7FD8A2218A2D}
	EndGlobalSection
EndGlobal
